
Microsoft Visual Studio Solution File, Format Version 12.00
# Visual Studio 2012
Project("{FAE04EC0-301F-11D3-BF4B-00C04F79EFBC}") = "Test task 1", "Test task 1\Test task 1.csproj", "{04144010-5601-438C-80A8-F5929521AB97}"
EndProject
Global
	GlobalSection(SolutionConfigurationPlatforms) = preSolution
		Debug|Any CPU = Debug|Any CPU
		Release|Any CPU = Release|Any CPU
	EndGlobalSection
	GlobalSection(ProjectConfigurationPlatforms) = postSolution
		{04144010-5601-438C-80A8-F5929521AB97}.Debug|Any CPU.ActiveCfg = Debug|Any CPU
		{04144010-5601-438C-80A8-F5929521AB97}.Debug|Any CPU.Build.0 = Debug|Any CPU
		{04144010-5601-438C-80A8-F5929521AB97}.Release|Any CPU.ActiveCfg = Release|Any CPU
		{04144010-5601-438C-80A8-F5929521AB97}.Release|Any CPU.Build.0 = Release|Any CPU
	EndGlobalSection
	GlobalSection(SolutionProperties) = preSolution
		HideSolutionNode = FALSE
	EndGlobalSection
EndGlobal
